
Microsoft Visual Studio Solution File, Format Version 12.00
# Visual Studio 15
VisualStudioVersion = 15.0.26124.0
MinimumVisualStudioVersion = 15.0.26124.0
Project("{2150E333-8FDC-42A3-9474-1A3956D46DE8}") = "src", "src", "{2AEACA45-B8A2-44DD-9562-A3564C51DB05}"
EndProject
Project("{FAE04EC0-301F-11D3-BF4B-00C04F79EFBC}") = "Fennec.NetCore", "src\Fennec.NetCore\Fennec.NetCore.csproj", "{B1596FA4-071A-45C4-AA87-721C8CAC9B36}"
EndProject
Project("{2150E333-8FDC-42A3-9474-1A3956D46DE8}") = "test", "test", "{4E7740CE-D9D6-4814-A717-EBAB35A9D51D}"
EndProject
Project("{FAE04EC0-301F-11D3-BF4B-00C04F79EFBC}") = "Fennec.Instrumentation.Tests", "test\Fennec.Instrumentation.Tests\Fennec.Instrumentation.Tests.csproj", "{9FEB69BC-0A57-45F8-88ED-EED7B4EFA6D6}"
EndProject
Project("{FAE04EC0-301F-11D3-BF4B-00C04F79EFBC}") = "Fennec.ILDiff", "src\Fennec.ILDiff\Fennec.ILDiff.csproj", "{AD04627F-3FB8-4F71-8BA0-FA4D655073EE}"
EndProject
Project("{FAE04EC0-301F-11D3-BF4B-00C04F79EFBC}") = "Fennec.ILDiff.Tests", "test\Fennec.ILDiff.Tests\Fennec.ILDiff.Tests.csproj", "{465D2289-8FB7-4A8A-A979-733749D06D03}"
EndProject
Project("{2150E333-8FDC-42A3-9474-1A3956D46DE8}") = "TestProjects", "TestProjects", "{90D7E89B-F3F4-440B-A18E-2E1B51812E1C}"
EndProject
Project("{FAE04EC0-301F-11D3-BF4B-00C04F79EFBC}") = "BasicConsole", "test\TestProjects\BasicConsole\BasicConsole.csproj", "{29EBD783-24A2-4A15-BF53-579F1E448921}"
EndProject
Project("{FAE04EC0-301F-11D3-BF4B-00C04F79EFBC}") = "LibraryPerson1", "test\TestProjects\LibraryPerson1\LibraryPerson1.csproj", "{84415C7A-5B90-468B-B5C9-5728E483CAE4}"
EndProject
Project("{FAE04EC0-301F-11D3-BF4B-00C04F79EFBC}") = "Fennec.Instrumentation", "src\Fennec.Instrumentation\Fennec.Instrumentation.csproj", "{D1BC4361-1304-4A5B-B08F-7E8671E242A0}"
EndProject
Project("{FAE04EC0-301F-11D3-BF4B-00C04F79EFBC}") = "LibraryPerson2", "test\TestProjects\LibraryPerson2\LibraryPerson2.csproj", "{9C7DFF75-EAEF-4324-BDF4-78F40F0162C8}"
EndProject
Project("{FAE04EC0-301F-11D3-BF4B-00C04F79EFBC}") = "Fennec.NuGet", "src\Fennec.NuGet\Fennec.NuGet.csproj", "{2C127749-A107-4125-9518-AC50C9E36D64}"
EndProject
Project("{FAE04EC0-301F-11D3-BF4B-00C04F79EFBC}") = "Fennec.Scorecard", "src\Fennec.Scorecard\Fennec.Scorecard.csproj", "{E6C6D958-4207-46BA-8EF7-08FA4F55528D}"
EndProject
Project("{FAE04EC0-301F-11D3-BF4B-00C04F79EFBC}") = "Fennec.Scorecard.Tests", "test\Fennec.Scorecard.Tests\Fennec.Scorecard.Tests.csproj", "{EAD286E8-8DE9-4014-A892-2E0DAC2C1320}"
EndProject
Project("{FAE04EC0-301F-11D3-BF4B-00C04F79EFBC}") = "Fennec", "src\Fennec\Fennec.csproj", "{E4E7D67A-6306-4A19-89F0-ED77E4EE2C34}"
EndProject
Global
	GlobalSection(SolutionConfigurationPlatforms) = preSolution
		Debug|Any CPU = Debug|Any CPU
		Debug|x64 = Debug|x64
		Debug|x86 = Debug|x86
		Release|Any CPU = Release|Any CPU
		Release|x64 = Release|x64
		Release|x86 = Release|x86
	EndGlobalSection
	GlobalSection(SolutionProperties) = preSolution
		HideSolutionNode = FALSE
	EndGlobalSection
	GlobalSection(ProjectConfigurationPlatforms) = postSolution
		{B1596FA4-071A-45C4-AA87-721C8CAC9B36}.Debug|Any CPU.ActiveCfg = Debug|Any CPU
		{B1596FA4-071A-45C4-AA87-721C8CAC9B36}.Debug|Any CPU.Build.0 = Debug|Any CPU
		{B1596FA4-071A-45C4-AA87-721C8CAC9B36}.Debug|x64.ActiveCfg = Debug|Any CPU
		{B1596FA4-071A-45C4-AA87-721C8CAC9B36}.Debug|x64.Build.0 = Debug|Any CPU
		{B1596FA4-071A-45C4-AA87-721C8CAC9B36}.Debug|x86.ActiveCfg = Debug|Any CPU
		{B1596FA4-071A-45C4-AA87-721C8CAC9B36}.Debug|x86.Build.0 = Debug|Any CPU
		{B1596FA4-071A-45C4-AA87-721C8CAC9B36}.Release|Any CPU.ActiveCfg = Release|Any CPU
		{B1596FA4-071A-45C4-AA87-721C8CAC9B36}.Release|Any CPU.Build.0 = Release|Any CPU
		{B1596FA4-071A-45C4-AA87-721C8CAC9B36}.Release|x64.ActiveCfg = Release|Any CPU
		{B1596FA4-071A-45C4-AA87-721C8CAC9B36}.Release|x64.Build.0 = Release|Any CPU
		{B1596FA4-071A-45C4-AA87-721C8CAC9B36}.Release|x86.ActiveCfg = Release|Any CPU
		{B1596FA4-071A-45C4-AA87-721C8CAC9B36}.Release|x86.Build.0 = Release|Any CPU
		{9FEB69BC-0A57-45F8-88ED-EED7B4EFA6D6}.Debug|Any CPU.ActiveCfg = Debug|Any CPU
		{9FEB69BC-0A57-45F8-88ED-EED7B4EFA6D6}.Debug|Any CPU.Build.0 = Debug|Any CPU
		{9FEB69BC-0A57-45F8-88ED-EED7B4EFA6D6}.Debug|x64.ActiveCfg = Debug|Any CPU
		{9FEB69BC-0A57-45F8-88ED-EED7B4EFA6D6}.Debug|x64.Build.0 = Debug|Any CPU
		{9FEB69BC-0A57-45F8-88ED-EED7B4EFA6D6}.Debug|x86.ActiveCfg = Debug|Any CPU
		{9FEB69BC-0A57-45F8-88ED-EED7B4EFA6D6}.Debug|x86.Build.0 = Debug|Any CPU
		{9FEB69BC-0A57-45F8-88ED-EED7B4EFA6D6}.Release|Any CPU.ActiveCfg = Release|Any CPU
		{9FEB69BC-0A57-45F8-88ED-EED7B4EFA6D6}.Release|Any CPU.Build.0 = Release|Any CPU
		{9FEB69BC-0A57-45F8-88ED-EED7B4EFA6D6}.Release|x64.ActiveCfg = Release|Any CPU
		{9FEB69BC-0A57-45F8-88ED-EED7B4EFA6D6}.Release|x64.Build.0 = Release|Any CPU
		{9FEB69BC-0A57-45F8-88ED-EED7B4EFA6D6}.Release|x86.ActiveCfg = Release|Any CPU
		{9FEB69BC-0A57-45F8-88ED-EED7B4EFA6D6}.Release|x86.Build.0 = Release|Any CPU
		{AD04627F-3FB8-4F71-8BA0-FA4D655073EE}.Debug|Any CPU.ActiveCfg = Debug|Any CPU
		{AD04627F-3FB8-4F71-8BA0-FA4D655073EE}.Debug|Any CPU.Build.0 = Debug|Any CPU
		{AD04627F-3FB8-4F71-8BA0-FA4D655073EE}.Debug|x64.ActiveCfg = Debug|Any CPU
		{AD04627F-3FB8-4F71-8BA0-FA4D655073EE}.Debug|x64.Build.0 = Debug|Any CPU
		{AD04627F-3FB8-4F71-8BA0-FA4D655073EE}.Debug|x86.ActiveCfg = Debug|Any CPU
		{AD04627F-3FB8-4F71-8BA0-FA4D655073EE}.Debug|x86.Build.0 = Debug|Any CPU
		{AD04627F-3FB8-4F71-8BA0-FA4D655073EE}.Release|Any CPU.ActiveCfg = Release|Any CPU
		{AD04627F-3FB8-4F71-8BA0-FA4D655073EE}.Release|Any CPU.Build.0 = Release|Any CPU
		{AD04627F-3FB8-4F71-8BA0-FA4D655073EE}.Release|x64.ActiveCfg = Release|Any CPU
		{AD04627F-3FB8-4F71-8BA0-FA4D655073EE}.Release|x64.Build.0 = Release|Any CPU
		{AD04627F-3FB8-4F71-8BA0-FA4D655073EE}.Release|x86.ActiveCfg = Release|Any CPU
		{AD04627F-3FB8-4F71-8BA0-FA4D655073EE}.Release|x86.Build.0 = Release|Any CPU
		{465D2289-8FB7-4A8A-A979-733749D06D03}.Debug|Any CPU.ActiveCfg = Debug|Any CPU
		{465D2289-8FB7-4A8A-A979-733749D06D03}.Debug|Any CPU.Build.0 = Debug|Any CPU
		{465D2289-8FB7-4A8A-A979-733749D06D03}.Debug|x64.ActiveCfg = Debug|Any CPU
		{465D2289-8FB7-4A8A-A979-733749D06D03}.Debug|x64.Build.0 = Debug|Any CPU
		{465D2289-8FB7-4A8A-A979-733749D06D03}.Debug|x86.ActiveCfg = Debug|Any CPU
		{465D2289-8FB7-4A8A-A979-733749D06D03}.Debug|x86.Build.0 = Debug|Any CPU
		{465D2289-8FB7-4A8A-A979-733749D06D03}.Release|Any CPU.ActiveCfg = Release|Any CPU
		{465D2289-8FB7-4A8A-A979-733749D06D03}.Release|Any CPU.Build.0 = Release|Any CPU
		{465D2289-8FB7-4A8A-A979-733749D06D03}.Release|x64.ActiveCfg = Release|Any CPU
		{465D2289-8FB7-4A8A-A979-733749D06D03}.Release|x64.Build.0 = Release|Any CPU
		{465D2289-8FB7-4A8A-A979-733749D06D03}.Release|x86.ActiveCfg = Release|Any CPU
		{465D2289-8FB7-4A8A-A979-733749D06D03}.Release|x86.Build.0 = Release|Any CPU
		{29EBD783-24A2-4A15-BF53-579F1E448921}.Debug|Any CPU.ActiveCfg = Debug|Any CPU
		{29EBD783-24A2-4A15-BF53-579F1E448921}.Debug|Any CPU.Build.0 = Debug|Any CPU
		{29EBD783-24A2-4A15-BF53-579F1E448921}.Debug|x64.ActiveCfg = Debug|Any CPU
		{29EBD783-24A2-4A15-BF53-579F1E448921}.Debug|x64.Build.0 = Debug|Any CPU
		{29EBD783-24A2-4A15-BF53-579F1E448921}.Debug|x86.ActiveCfg = Debug|Any CPU
		{29EBD783-24A2-4A15-BF53-579F1E448921}.Debug|x86.Build.0 = Debug|Any CPU
		{29EBD783-24A2-4A15-BF53-579F1E448921}.Release|Any CPU.ActiveCfg = Release|Any CPU
		{29EBD783-24A2-4A15-BF53-579F1E448921}.Release|Any CPU.Build.0 = Release|Any CPU
		{29EBD783-24A2-4A15-BF53-579F1E448921}.Release|x64.ActiveCfg = Release|Any CPU
		{29EBD783-24A2-4A15-BF53-579F1E448921}.Release|x64.Build.0 = Release|Any CPU
		{29EBD783-24A2-4A15-BF53-579F1E448921}.Release|x86.ActiveCfg = Release|Any CPU
		{29EBD783-24A2-4A15-BF53-579F1E448921}.Release|x86.Build.0 = Release|Any CPU
		{84415C7A-5B90-468B-B5C9-5728E483CAE4}.Debug|Any CPU.ActiveCfg = Debug|Any CPU
		{84415C7A-5B90-468B-B5C9-5728E483CAE4}.Debug|Any CPU.Build.0 = Debug|Any CPU
		{84415C7A-5B90-468B-B5C9-5728E483CAE4}.Debug|x64.ActiveCfg = Debug|Any CPU
		{84415C7A-5B90-468B-B5C9-5728E483CAE4}.Debug|x64.Build.0 = Debug|Any CPU
		{84415C7A-5B90-468B-B5C9-5728E483CAE4}.Debug|x86.ActiveCfg = Debug|Any CPU
		{84415C7A-5B90-468B-B5C9-5728E483CAE4}.Debug|x86.Build.0 = Debug|Any CPU
		{84415C7A-5B90-468B-B5C9-5728E483CAE4}.Release|Any CPU.ActiveCfg = Release|Any CPU
		{84415C7A-5B90-468B-B5C9-5728E483CAE4}.Release|Any CPU.Build.0 = Release|Any CPU
		{84415C7A-5B90-468B-B5C9-5728E483CAE4}.Release|x64.ActiveCfg = Release|Any CPU
		{84415C7A-5B90-468B-B5C9-5728E483CAE4}.Release|x64.Build.0 = Release|Any CPU
		{84415C7A-5B90-468B-B5C9-5728E483CAE4}.Release|x86.ActiveCfg = Release|Any CPU
		{84415C7A-5B90-468B-B5C9-5728E483CAE4}.Release|x86.Build.0 = Release|Any CPU
		{D1BC4361-1304-4A5B-B08F-7E8671E242A0}.Debug|Any CPU.ActiveCfg = Debug|Any CPU
		{D1BC4361-1304-4A5B-B08F-7E8671E242A0}.Debug|Any CPU.Build.0 = Debug|Any CPU
		{D1BC4361-1304-4A5B-B08F-7E8671E242A0}.Debug|x64.ActiveCfg = Debug|Any CPU
		{D1BC4361-1304-4A5B-B08F-7E8671E242A0}.Debug|x64.Build.0 = Debug|Any CPU
		{D1BC4361-1304-4A5B-B08F-7E8671E242A0}.Debug|x86.ActiveCfg = Debug|Any CPU
		{D1BC4361-1304-4A5B-B08F-7E8671E242A0}.Debug|x86.Build.0 = Debug|Any CPU
		{D1BC4361-1304-4A5B-B08F-7E8671E242A0}.Release|Any CPU.ActiveCfg = Release|Any CPU
		{D1BC4361-1304-4A5B-B08F-7E8671E242A0}.Release|Any CPU.Build.0 = Release|Any CPU
		{D1BC4361-1304-4A5B-B08F-7E8671E242A0}.Release|x64.ActiveCfg = Release|Any CPU
		{D1BC4361-1304-4A5B-B08F-7E8671E242A0}.Release|x64.Build.0 = Release|Any CPU
		{D1BC4361-1304-4A5B-B08F-7E8671E242A0}.Release|x86.ActiveCfg = Release|Any CPU
		{D1BC4361-1304-4A5B-B08F-7E8671E242A0}.Release|x86.Build.0 = Release|Any CPU
		{9C7DFF75-EAEF-4324-BDF4-78F40F0162C8}.Debug|Any CPU.ActiveCfg = Debug|Any CPU
		{9C7DFF75-EAEF-4324-BDF4-78F40F0162C8}.Debug|Any CPU.Build.0 = Debug|Any CPU
		{9C7DFF75-EAEF-4324-BDF4-78F40F0162C8}.Debug|x64.ActiveCfg = Debug|Any CPU
		{9C7DFF75-EAEF-4324-BDF4-78F40F0162C8}.Debug|x64.Build.0 = Debug|Any CPU
		{9C7DFF75-EAEF-4324-BDF4-78F40F0162C8}.Debug|x86.ActiveCfg = Debug|Any CPU
		{9C7DFF75-EAEF-4324-BDF4-78F40F0162C8}.Debug|x86.Build.0 = Debug|Any CPU
		{9C7DFF75-EAEF-4324-BDF4-78F40F0162C8}.Release|Any CPU.ActiveCfg = Release|Any CPU
		{9C7DFF75-EAEF-4324-BDF4-78F40F0162C8}.Release|Any CPU.Build.0 = Release|Any CPU
		{9C7DFF75-EAEF-4324-BDF4-78F40F0162C8}.Release|x64.ActiveCfg = Release|Any CPU
		{9C7DFF75-EAEF-4324-BDF4-78F40F0162C8}.Release|x64.Build.0 = Release|Any CPU
		{9C7DFF75-EAEF-4324-BDF4-78F40F0162C8}.Release|x86.ActiveCfg = Release|Any CPU
		{9C7DFF75-EAEF-4324-BDF4-78F40F0162C8}.Release|x86.Build.0 = Release|Any CPU
		{2C127749-A107-4125-9518-AC50C9E36D64}.Debug|Any CPU.ActiveCfg = Debug|Any CPU
		{2C127749-A107-4125-9518-AC50C9E36D64}.Debug|Any CPU.Build.0 = Debug|Any CPU
		{2C127749-A107-4125-9518-AC50C9E36D64}.Debug|x64.ActiveCfg = Debug|Any CPU
		{2C127749-A107-4125-9518-AC50C9E36D64}.Debug|x64.Build.0 = Debug|Any CPU
		{2C127749-A107-4125-9518-AC50C9E36D64}.Debug|x86.ActiveCfg = Debug|Any CPU
		{2C127749-A107-4125-9518-AC50C9E36D64}.Debug|x86.Build.0 = Debug|Any CPU
		{2C127749-A107-4125-9518-AC50C9E36D64}.Release|Any CPU.ActiveCfg = Release|Any CPU
		{2C127749-A107-4125-9518-AC50C9E36D64}.Release|Any CPU.Build.0 = Release|Any CPU
		{2C127749-A107-4125-9518-AC50C9E36D64}.Release|x64.ActiveCfg = Release|Any CPU
		{2C127749-A107-4125-9518-AC50C9E36D64}.Release|x64.Build.0 = Release|Any CPU
		{2C127749-A107-4125-9518-AC50C9E36D64}.Release|x86.ActiveCfg = Release|Any CPU
		{2C127749-A107-4125-9518-AC50C9E36D64}.Release|x86.Build.0 = Release|Any CPU
		{E6C6D958-4207-46BA-8EF7-08FA4F55528D}.Debug|Any CPU.ActiveCfg = Debug|Any CPU
		{E6C6D958-4207-46BA-8EF7-08FA4F55528D}.Debug|Any CPU.Build.0 = Debug|Any CPU
		{E6C6D958-4207-46BA-8EF7-08FA4F55528D}.Debug|x64.ActiveCfg = Debug|Any CPU
		{E6C6D958-4207-46BA-8EF7-08FA4F55528D}.Debug|x64.Build.0 = Debug|Any CPU
		{E6C6D958-4207-46BA-8EF7-08FA4F55528D}.Debug|x86.ActiveCfg = Debug|Any CPU
		{E6C6D958-4207-46BA-8EF7-08FA4F55528D}.Debug|x86.Build.0 = Debug|Any CPU
		{E6C6D958-4207-46BA-8EF7-08FA4F55528D}.Release|Any CPU.ActiveCfg = Release|Any CPU
		{E6C6D958-4207-46BA-8EF7-08FA4F55528D}.Release|Any CPU.Build.0 = Release|Any CPU
		{E6C6D958-4207-46BA-8EF7-08FA4F55528D}.Release|x64.ActiveCfg = Release|Any CPU
		{E6C6D958-4207-46BA-8EF7-08FA4F55528D}.Release|x64.Build.0 = Release|Any CPU
		{E6C6D958-4207-46BA-8EF7-08FA4F55528D}.Release|x86.ActiveCfg = Release|Any CPU
		{E6C6D958-4207-46BA-8EF7-08FA4F55528D}.Release|x86.Build.0 = Release|Any CPU
		{EAD286E8-8DE9-4014-A892-2E0DAC2C1320}.Debug|Any CPU.ActiveCfg = Debug|Any CPU
		{EAD286E8-8DE9-4014-A892-2E0DAC2C1320}.Debug|Any CPU.Build.0 = Debug|Any CPU
		{EAD286E8-8DE9-4014-A892-2E0DAC2C1320}.Debug|x64.ActiveCfg = Debug|Any CPU
		{EAD286E8-8DE9-4014-A892-2E0DAC2C1320}.Debug|x64.Build.0 = Debug|Any CPU
		{EAD286E8-8DE9-4014-A892-2E0DAC2C1320}.Debug|x86.ActiveCfg = Debug|Any CPU
		{EAD286E8-8DE9-4014-A892-2E0DAC2C1320}.Debug|x86.Build.0 = Debug|Any CPU
		{EAD286E8-8DE9-4014-A892-2E0DAC2C1320}.Release|Any CPU.ActiveCfg = Release|Any CPU
		{EAD286E8-8DE9-4014-A892-2E0DAC2C1320}.Release|Any CPU.Build.0 = Release|Any CPU
		{EAD286E8-8DE9-4014-A892-2E0DAC2C1320}.Release|x64.ActiveCfg = Release|Any CPU
		{EAD286E8-8DE9-4014-A892-2E0DAC2C1320}.Release|x64.Build.0 = Release|Any CPU
		{EAD286E8-8DE9-4014-A892-2E0DAC2C1320}.Release|x86.ActiveCfg = Release|Any CPU
		{EAD286E8-8DE9-4014-A892-2E0DAC2C1320}.Release|x86.Build.0 = Release|Any CPU
		{E4E7D67A-6306-4A19-89F0-ED77E4EE2C34}.Debug|Any CPU.ActiveCfg = Debug|Any CPU
		{E4E7D67A-6306-4A19-89F0-ED77E4EE2C34}.Debug|Any CPU.Build.0 = Debug|Any CPU
		{E4E7D67A-6306-4A19-89F0-ED77E4EE2C34}.Debug|x64.ActiveCfg = Debug|Any CPU
		{E4E7D67A-6306-4A19-89F0-ED77E4EE2C34}.Debug|x64.Build.0 = Debug|Any CPU
		{E4E7D67A-6306-4A19-89F0-ED77E4EE2C34}.Debug|x86.ActiveCfg = Debug|Any CPU
		{E4E7D67A-6306-4A19-89F0-ED77E4EE2C34}.Debug|x86.Build.0 = Debug|Any CPU
		{E4E7D67A-6306-4A19-89F0-ED77E4EE2C34}.Release|Any CPU.ActiveCfg = Release|Any CPU
		{E4E7D67A-6306-4A19-89F0-ED77E4EE2C34}.Release|Any CPU.Build.0 = Release|Any CPU
		{E4E7D67A-6306-4A19-89F0-ED77E4EE2C34}.Release|x64.ActiveCfg = Release|Any CPU
		{E4E7D67A-6306-4A19-89F0-ED77E4EE2C34}.Release|x64.Build.0 = Release|Any CPU
		{E4E7D67A-6306-4A19-89F0-ED77E4EE2C34}.Release|x86.ActiveCfg = Release|Any CPU
		{E4E7D67A-6306-4A19-89F0-ED77E4EE2C34}.Release|x86.Build.0 = Release|Any CPU
	EndGlobalSection
	GlobalSection(NestedProjects) = preSolution
		{B1596FA4-071A-45C4-AA87-721C8CAC9B36} = {2AEACA45-B8A2-44DD-9562-A3564C51DB05}
		{9FEB69BC-0A57-45F8-88ED-EED7B4EFA6D6} = {4E7740CE-D9D6-4814-A717-EBAB35A9D51D}
		{AD04627F-3FB8-4F71-8BA0-FA4D655073EE} = {2AEACA45-B8A2-44DD-9562-A3564C51DB05}
		{465D2289-8FB7-4A8A-A979-733749D06D03} = {4E7740CE-D9D6-4814-A717-EBAB35A9D51D}
		{90D7E89B-F3F4-440B-A18E-2E1B51812E1C} = {4E7740CE-D9D6-4814-A717-EBAB35A9D51D}
		{29EBD783-24A2-4A15-BF53-579F1E448921} = {90D7E89B-F3F4-440B-A18E-2E1B51812E1C}
		{84415C7A-5B90-468B-B5C9-5728E483CAE4} = {90D7E89B-F3F4-440B-A18E-2E1B51812E1C}
		{D1BC4361-1304-4A5B-B08F-7E8671E242A0} = {2AEACA45-B8A2-44DD-9562-A3564C51DB05}
		{9C7DFF75-EAEF-4324-BDF4-78F40F0162C8} = {90D7E89B-F3F4-440B-A18E-2E1B51812E1C}
		{2C127749-A107-4125-9518-AC50C9E36D64} = {2AEACA45-B8A2-44DD-9562-A3564C51DB05}
		{E6C6D958-4207-46BA-8EF7-08FA4F55528D} = {2AEACA45-B8A2-44DD-9562-A3564C51DB05}
		{EAD286E8-8DE9-4014-A892-2E0DAC2C1320} = {4E7740CE-D9D6-4814-A717-EBAB35A9D51D}
		{E4E7D67A-6306-4A19-89F0-ED77E4EE2C34} = {2AEACA45-B8A2-44DD-9562-A3564C51DB05}
	EndGlobalSection
EndGlobal

