
Microsoft Visual Studio Solution File, Format Version 12.00
# Visual Studio 15
VisualStudioVersion = 15.0.26124.0
MinimumVisualStudioVersion = 15.0.26124.0
Project("{2150E333-8FDC-42A3-9474-1A3956D46DE8}") = "src", "src", "{9A775B88-BCBB-40D5-ACA7-1A98315D3090}"
EndProject
Project("{FAE04EC0-301F-11D3-BF4B-00C04F79EFBC}") = "Fennec.NetCore", "src\Fennec.NetCore\Fennec.NetCore.csproj", "{BB5911E6-C384-4504-85B8-EB105F881262}"
EndProject
Project("{2150E333-8FDC-42A3-9474-1A3956D46DE8}") = "test", "test", "{ADA24B30-563D-4F37-99B8-5F2AE1B9653E}"
EndProject
Project("{FAE04EC0-301F-11D3-BF4B-00C04F79EFBC}") = "Fennec.NetCore.Tests", "test\Fennec.NetCore.Tests\Fennec.NetCore.Tests.csproj", "{700D0A0D-E2B3-48C4-82DF-2A598B3F1B13}"
EndProject
Project("{2150E333-8FDC-42A3-9474-1A3956D46DE8}") = "TestProjects", "TestProjects", "{C66DC2D9-1DDB-4506-A8A6-1022DA315CE5}"
EndProject
Project("{FAE04EC0-301F-11D3-BF4B-00C04F79EFBC}") = "BasicConsole", "test\TestProjects\BasicConsole\BasicConsole.csproj", "{1D738C65-2C1A-47E3-B628-04ECD4A5959E}"
EndProject
Global
	GlobalSection(SolutionConfigurationPlatforms) = preSolution
		Debug|Any CPU = Debug|Any CPU
		Debug|x64 = Debug|x64
		Debug|x86 = Debug|x86
		Release|Any CPU = Release|Any CPU
		Release|x64 = Release|x64
		Release|x86 = Release|x86
	EndGlobalSection
	GlobalSection(SolutionProperties) = preSolution
		HideSolutionNode = FALSE
	EndGlobalSection
	GlobalSection(ProjectConfigurationPlatforms) = postSolution
		{BB5911E6-C384-4504-85B8-EB105F881262}.Debug|Any CPU.ActiveCfg = Debug|Any CPU
		{BB5911E6-C384-4504-85B8-EB105F881262}.Debug|Any CPU.Build.0 = Debug|Any CPU
		{BB5911E6-C384-4504-85B8-EB105F881262}.Debug|x64.ActiveCfg = Debug|Any CPU
		{BB5911E6-C384-4504-85B8-EB105F881262}.Debug|x64.Build.0 = Debug|Any CPU
		{BB5911E6-C384-4504-85B8-EB105F881262}.Debug|x86.ActiveCfg = Debug|Any CPU
		{BB5911E6-C384-4504-85B8-EB105F881262}.Debug|x86.Build.0 = Debug|Any CPU
		{BB5911E6-C384-4504-85B8-EB105F881262}.Release|Any CPU.ActiveCfg = Release|Any CPU
		{BB5911E6-C384-4504-85B8-EB105F881262}.Release|Any CPU.Build.0 = Release|Any CPU
		{BB5911E6-C384-4504-85B8-EB105F881262}.Release|x64.ActiveCfg = Release|Any CPU
		{BB5911E6-C384-4504-85B8-EB105F881262}.Release|x64.Build.0 = Release|Any CPU
		{BB5911E6-C384-4504-85B8-EB105F881262}.Release|x86.ActiveCfg = Release|Any CPU
		{BB5911E6-C384-4504-85B8-EB105F881262}.Release|x86.Build.0 = Release|Any CPU
		{700D0A0D-E2B3-48C4-82DF-2A598B3F1B13}.Debug|Any CPU.ActiveCfg = Debug|Any CPU
		{700D0A0D-E2B3-48C4-82DF-2A598B3F1B13}.Debug|Any CPU.Build.0 = Debug|Any CPU
		{700D0A0D-E2B3-48C4-82DF-2A598B3F1B13}.Debug|x64.ActiveCfg = Debug|Any CPU
		{700D0A0D-E2B3-48C4-82DF-2A598B3F1B13}.Debug|x64.Build.0 = Debug|Any CPU
		{700D0A0D-E2B3-48C4-82DF-2A598B3F1B13}.Debug|x86.ActiveCfg = Debug|Any CPU
		{700D0A0D-E2B3-48C4-82DF-2A598B3F1B13}.Debug|x86.Build.0 = Debug|Any CPU
		{700D0A0D-E2B3-48C4-82DF-2A598B3F1B13}.Release|Any CPU.ActiveCfg = Release|Any CPU
		{700D0A0D-E2B3-48C4-82DF-2A598B3F1B13}.Release|Any CPU.Build.0 = Release|Any CPU
		{700D0A0D-E2B3-48C4-82DF-2A598B3F1B13}.Release|x64.ActiveCfg = Release|Any CPU
		{700D0A0D-E2B3-48C4-82DF-2A598B3F1B13}.Release|x64.Build.0 = Release|Any CPU
		{700D0A0D-E2B3-48C4-82DF-2A598B3F1B13}.Release|x86.ActiveCfg = Release|Any CPU
		{700D0A0D-E2B3-48C4-82DF-2A598B3F1B13}.Release|x86.Build.0 = Release|Any CPU
		{1D738C65-2C1A-47E3-B628-04ECD4A5959E}.Debug|Any CPU.ActiveCfg = Debug|Any CPU
		{1D738C65-2C1A-47E3-B628-04ECD4A5959E}.Debug|Any CPU.Build.0 = Debug|Any CPU
		{1D738C65-2C1A-47E3-B628-04ECD4A5959E}.Debug|x64.ActiveCfg = Debug|Any CPU
		{1D738C65-2C1A-47E3-B628-04ECD4A5959E}.Debug|x64.Build.0 = Debug|Any CPU
		{1D738C65-2C1A-47E3-B628-04ECD4A5959E}.Debug|x86.ActiveCfg = Debug|Any CPU
		{1D738C65-2C1A-47E3-B628-04ECD4A5959E}.Debug|x86.Build.0 = Debug|Any CPU
		{1D738C65-2C1A-47E3-B628-04ECD4A5959E}.Release|Any CPU.ActiveCfg = Release|Any CPU
		{1D738C65-2C1A-47E3-B628-04ECD4A5959E}.Release|Any CPU.Build.0 = Release|Any CPU
		{1D738C65-2C1A-47E3-B628-04ECD4A5959E}.Release|x64.ActiveCfg = Release|Any CPU
		{1D738C65-2C1A-47E3-B628-04ECD4A5959E}.Release|x64.Build.0 = Release|Any CPU
		{1D738C65-2C1A-47E3-B628-04ECD4A5959E}.Release|x86.ActiveCfg = Release|Any CPU
		{1D738C65-2C1A-47E3-B628-04ECD4A5959E}.Release|x86.Build.0 = Release|Any CPU
	EndGlobalSection
	GlobalSection(NestedProjects) = preSolution
		{BB5911E6-C384-4504-85B8-EB105F881262} = {9A775B88-BCBB-40D5-ACA7-1A98315D3090}
		{700D0A0D-E2B3-48C4-82DF-2A598B3F1B13} = {ADA24B30-563D-4F37-99B8-5F2AE1B9653E}
		{C66DC2D9-1DDB-4506-A8A6-1022DA315CE5} = {ADA24B30-563D-4F37-99B8-5F2AE1B9653E}
		{1D738C65-2C1A-47E3-B628-04ECD4A5959E} = {C66DC2D9-1DDB-4506-A8A6-1022DA315CE5}
	EndGlobalSection
EndGlobal
